# THIS IS AN AUTOGENERATED FILE. DO NOT EDIT THIS FILE DIRECTLY.
# yarn lockfile v1


asn1@~0.2.0:
  version "0.2.4"
  resolved "https://registry.yarnpkg.com/asn1/-/asn1-0.2.4.tgz#8d2475dfab553bb33e77b54e59e880bb8ce23136"
  dependencies:
    safer-buffer "~2.1.0"

node-fetch@^2.2.0:
  version "2.2.0"
  resolved "https://registry.yarnpkg.com/node-fetch/-/node-fetch-2.2.0.tgz#4ee79bde909262f9775f731e3656d0db55ced5b5"

safer-buffer@~2.1.0:
  version "2.1.2"
  resolved "https://registry.yarnpkg.com/safer-buffer/-/safer-buffer-2.1.2.tgz#44fa161b0187b9549dd84bb91802f9bd8385cd6a"

semver@^5.1.0:
  version "5.5.0"
  resolved "https://registry.yarnpkg.com/semver/-/semver-5.5.0.tgz#dc4bbc7a6ca9d916dee5d43516f0092b58f7b8ab"

ssh2-sftp-client@^3.1.0:
  version "3.1.0"
  resolved "https://registry.yarnpkg.com/ssh2-sftp-client/-/ssh2-sftp-client-3.1.0.tgz#1e5215679886c8f9ffa942822039154240b7032b"
  dependencies:
    ssh2 "^0.6.1"

ssh2-streams@~0.2.0:
  version "0.2.1"
  resolved "https://registry.yarnpkg.com/ssh2-streams/-/ssh2-streams-0.2.1.tgz#9c9c9964be60e9644575af328677f64b1e5cbd79"
  dependencies:
    asn1 "~0.2.0"
    semver "^5.1.0"
    streamsearch "~0.1.2"

ssh2@^0.6.1:
  version "0.6.1"
  resolved "https://registry.yarnpkg.com/ssh2/-/ssh2-0.6.1.tgz#5dde1a7394bb978b1f9c2f014affee2f5493bd40"
  dependencies:
    ssh2-streams "~0.2.0"

streamsearch@~0.1.2:
  version "0.1.2"
  resolved "https://registry.yarnpkg.com/streamsearch/-/streamsearch-0.1.2.tgz#808b9d0e56fc273d809ba57338e929919a1a9f1a"
